hash: 3e948c21aa399d69503b2281ad12576c350b044b32042d87a39ebd2d2ca060fe
updated: 2018-01-23T07:56:02.834847197-05:00
imports:
- name: github.com/caarlos0/env
  version: 7cd7992b3bc86f920394f8de92c13900da1a46b7
- name: github.com/fatih/set
  version: 27c40922c40b43fe04554d8223a402af3ea333f3
- name: github.com/golang/protobuf
  version: 1e59b77b52bf8e4b449a57e6f79f21226d571845
  subpackages:
  - proto
  - protoc-gen-go/descriptor
  - ptypes/any
- name: github.com/mattn/go-colorable
  version: 586e6dcca296d085100876beb6dbf02287a247f7
- name: github.com/mattn/go-isatty
  version: 6ca4dbf54d38eea1a992b3c722a76a5d1c4cb25c
- name: github.com/mgutz/ansi
  version: 9520e82c474b0a04dd04f8a40959027271bab992
- name: github.com/satori/go.uuid
  version: 879c5887cd475cd7864858769793b2ceb0d44feb
- name: github.com/unchartedsoftware/plog
  version: 34d2bbd3c0a9458feb0752af2b578a23eb8ddc4f
- name: golang.org/x/net
  version: ab555f366c4508dbe0802550b1b20c46c5c18aa0
  subpackages:
  - context
  - http2
  - http2/hpack
  - idna
  - internal/timeseries
  - lex/httplex
  - trace
- name: golang.org/x/sys
  version: 810d7000345868fc619eb81f46307107118f4ae1
  subpackages:
  - unix
- name: golang.org/x/text
  version: e19ae1496984b1c655b8044a65c0300a3c878dd3
  subpackages:
  - secure/bidirule
  - transform
  - unicode/bidi
  - unicode/norm
- name: google.golang.org/genproto
  version: a8101f21cf983e773d0c1133ebc5424792003214
  subpackages:
  - googleapis/rpc/status
- name: google.golang.org/grpc
  version: b15215fb911b24a5d61d57feec4233d610530464
  subpackages:
  - codes
  - credentials
  - grpclb/grpc_lb_v1
  - grpclog
  - internal
  - keepalive
  - metadata
  - naming
  - peer
  - stats
  - status
  - tap
  - transport
testImports: []
